
Microsoft Visual Studio Solution File, Format Version 12.00
# Visual Studio 15
VisualStudioVersion = 15.0.27428.2043
MinimumVisualStudioVersion = 10.0.40219.1
Project("{FAE04EC0-301F-11D3-BF4B-00C04F79EFBC}") = "Atiran.MenuBar", "Atiran.MenuBar\Atiran.MenuBar.csproj", "{BDAFDACD-9085-4E39-B0AC-A67C7FA6ACD4}"
EndProject
Project("{FAE04EC0-301F-11D3-BF4B-00C04F79EFBC}") = "Atiran.DataLayer", "Atiran.DataLayer\Atiran.DataLayer.csproj", "{53F8991E-065C-408C-886B-66133F5C8268}"
EndProject
Project("{FAE04EC0-301F-11D3-BF4B-00C04F79EFBC}") = "Atiran.Utility", "Atiran.Utility\Atiran.Utility.csproj", "{B4367824-F71B-46AC-B939-3352A757582C}"
EndProject
Global
	GlobalSection(SolutionConfigurationPlatforms) = preSolution
		Debug|Any CPU = Debug|Any CPU
		Release|Any CPU = Release|Any CPU
	EndGlobalSection
	GlobalSection(ProjectConfigurationPlatforms) = postSolution
		{BDAFDACD-9085-4E39-B0AC-A67C7FA6ACD4}.Debug|Any CPU.ActiveCfg = Debug|Any CPU
		{BDAFDACD-9085-4E39-B0AC-A67C7FA6ACD4}.Debug|Any CPU.Build.0 = Debug|Any CPU
		{BDAFDACD-9085-4E39-B0AC-A67C7FA6ACD4}.Release|Any CPU.ActiveCfg = Release|Any CPU
		{BDAFDACD-9085-4E39-B0AC-A67C7FA6ACD4}.Release|Any CPU.Build.0 = Release|Any CPU
		{53F8991E-065C-408C-886B-66133F5C8268}.Debug|Any CPU.ActiveCfg = Debug|Any CPU
		{53F8991E-065C-408C-886B-66133F5C8268}.Debug|Any CPU.Build.0 = Debug|Any CPU
		{53F8991E-065C-408C-886B-66133F5C8268}.Release|Any CPU.ActiveCfg = Release|Any CPU
		{53F8991E-065C-408C-886B-66133F5C8268}.Release|Any CPU.Build.0 = Release|Any CPU
		{B4367824-F71B-46AC-B939-3352A757582C}.Debug|Any CPU.ActiveCfg = Debug|Any CPU
		{B4367824-F71B-46AC-B939-3352A757582C}.Debug|Any CPU.Build.0 = Debug|Any CPU
		{B4367824-F71B-46AC-B939-3352A757582C}.Release|Any CPU.ActiveCfg = Release|Any CPU
		{B4367824-F71B-46AC-B939-3352A757582C}.Release|Any CPU.Build.0 = Release|Any CPU
	EndGlobalSection
	GlobalSection(SolutionProperties) = preSolution
		HideSolutionNode = FALSE
	EndGlobalSection
	GlobalSection(ExtensibilityGlobals) = postSolution
		SolutionGuid = {5ACBEADE-60B4-4D9B-814A-C642B400B92A}
	EndGlobalSection
EndGlobal
